
Microsoft Visual Studio Solution File, Format Version 12.00
# Visual Studio Version 17
VisualStudioVersion = 17.7.34018.315
MinimumVisualStudioVersion = 10.0.40219.1
Project("{FAE04EC0-301F-11D3-BF4B-00C04F79EFBC}") = "StatusBot", "StatusBot.csproj", "{FA6709D5-1EB8-4393-9BB0-63AFC582A604}"
EndProject
Global
	GlobalSection(SolutionConfigurationPlatforms) = preSolution
		Debug|Any CPU = Debug|Any CPU
		Release|Any CPU = Release|Any CPU
	EndGlobalSection
	GlobalSection(ProjectConfigurationPlatforms) = postSolution
		{FA6709D5-1EB8-4393-9BB0-63AFC582A604}.Debug|Any CPU.ActiveCfg = Debug|Any CPU
		{FA6709D5-1EB8-4393-9BB0-63AFC582A604}.Debug|Any CPU.Build.0 = Debug|Any CPU
		{FA6709D5-1EB8-4393-9BB0-63AFC582A604}.Release|Any CPU.ActiveCfg = Release|Any CPU
		{FA6709D5-1EB8-4393-9BB0-63AFC582A604}.Release|Any CPU.Build.0 = Release|Any CPU
	EndGlobalSection
	GlobalSection(SolutionProperties) = preSolution
		HideSolutionNode = FALSE
	EndGlobalSection
	GlobalSection(ExtensibilityGlobals) = postSolution
		SolutionGuid = {F877CA45-A466-4CDF-A994-DC06BAF04E93}
	EndGlobalSection
EndGlobal
